
Microsoft Visual Studio Solution File, Format Version 12.00
# Visual Studio 15
Project("{FAE04EC0-301F-11D3-BF4B-00C04F79EFBC}") = "Assembly-CSharp", "Assembly-CSharp.csproj", "{CAE647E5-FC78-FFDD-6725-FADC21D30CFB}"
EndProject
Global
	GlobalSection(SolutionConfigurationPlatforms) = preSolution
		Debug|Any CPU = Debug|Any CPU
		Release|Any CPU = Release|Any CPU
	EndGlobalSection
	GlobalSection(ProjectConfigurationPlatforms) = postSolution
		{CAE647E5-FC78-FFDD-6725-FADC21D30CFB}.Debug|Any CPU.ActiveCfg = Debug|Any CPU
		{CAE647E5-FC78-FFDD-6725-FADC21D30CFB}.Debug|Any CPU.Build.0 = Debug|Any CPU
		{CAE647E5-FC78-FFDD-6725-FADC21D30CFB}.Release|Any CPU.ActiveCfg = Release|Any CPU
		{CAE647E5-FC78-FFDD-6725-FADC21D30CFB}.Release|Any CPU.Build.0 = Release|Any CPU
	EndGlobalSection
	GlobalSection(SolutionProperties) = preSolution
		HideSolutionNode = FALSE
	EndGlobalSection
EndGlobal
